{
  "name": "@aegenet/belt-memory-cache",
  "version": "0.0.0-dev",
  "lockfileVersion": 3,
  "requires": true,
  "packages": {
    "": {
      "name": "@aegenet/belt-memory-cache",
      "version": "0.0.0-dev",
      "license": "MIT"
    },
    "node_modules/.deno/@types+node@22.7.5": {
      "extraneous": true
    },
    "node_modules/.deno/undici-types@6.19.8/node_modules/undici-types": {
      "version": "6.19.8",
      "extraneous": true,
      "license": "MIT"
    }
  }
}
