# THIS IS AN AUTOGENERATED FILE. DO NOT EDIT THIS FILE DIRECTLY.
# yarn lockfile v1


"@aegenet/belt-array-duplicates@^999":
  version "999.1645631243686.0"
  resolved "https://npm.pkg.github.com/download/@aegenet/belt-array-duplicates/999.1645631243686.0/251ffef0075b599e6341d09ed5b3779794c5a213b32b67448ca1013f2e75c8c8#d349781c0627f0954177debc5a0b4b0e13268469"
  integrity sha512-EHgrTHqEB0QdkCw2EQN+rtgAu3lRbzoDis2qTskFvS/d5qYMZObxJ89aPDqglu9wM96OLldaPL25NVPafOsRFQ==

"@aegenet/belt-array-stats@^999":
  version "999.1645631255947.0"
  resolved "https://npm.pkg.github.com/download/@aegenet/belt-array-stats/999.1645631255947.0/bdf21370864e703c54d3a783d7f98aa35f013d7138c2b6f9acca8020b39f7d2f#48b90044cb8ec70dc93c070431ffab71ebbe32a2"
  integrity sha512-XHlPokhkoBo1jykCH/rSaUQmd4eHLrF9wuCOaqYgSGgLPby515eN7POb2pLap0DG6ywSvwYtBNqbOn04UbtmDg==

"@aegenet/belt-array-to-obj@^999":
  version "999.1645631231914.0"
  resolved "https://npm.pkg.github.com/download/@aegenet/belt-array-to-obj/999.1645631231914.0/cbe585d1c96c85246d172fa59cd48009d801839e9fd14ada93ae92258d9d3296#5e6e62f35935c76ba4b50090b72ef7b08e10a532"
  integrity sha512-S3ZucTiPBpsv+YJDNpl2EDI+emGwAK7+3YxQH62quk55uA8Ym1Ha9bV4JCrXxgd7f0Kv7S8OcsmW6muCqqyu2A==

"@aegenet/belt-crc32@^999":
  version "999.1645631159033.0"
  resolved "https://npm.pkg.github.com/download/@aegenet/belt-crc32/999.1645631159033.0/c27fc7f369f3d5d9d11466362d0775776aacc8e33475df73f8ea469124efe4a1#2c2b3955c618f03a8b26d4ff03d7b9034b9038ae"
  integrity sha512-Ch+l8HavT+xqa/HZgn6/cgl85TrLOUCC8oyQdxjE3JeElqmUMXXs8TrRP9w6WAIEL6jF/TJ1ag9IZ2B4te1QVg==

"@aegenet/belt-crc8@^999":
  version "999.1645631146830.0"
  resolved "https://npm.pkg.github.com/download/@aegenet/belt-crc8/999.1645631146830.0/bd175f99d8165be5029b7872bcb3d16c9368dbd1283d92bfbd2c1f018979efa7#4548ff3bfbc3bbb648f5c0d7c9fef5f14544947d"
  integrity sha512-EO5aL0/JIWqqslMhJ5Ob3CEOUiimuzGekPTxQq4xgiKSgFeyTQL8qEYjGsOCSj25ACARa44mJ5PKOTsD5sk1jg==

"@aegenet/belt-hook@^999":
  version "999.1645631268125.0"
  resolved "https://npm.pkg.github.com/download/@aegenet/belt-hook/999.1645631268125.0/47187ba3a50be5b4904d776cb071afb7c6b45f5217113c4bbbdf19449dd1e4ec#b15fe1ab47e5a56948778ae2fcf6cf8d557f6a58"
  integrity sha512-d+1F5jGie5dd/oRHkNcIxzu4X+fFWtfuj1CshwhxtQmuEvi6ZZCsSHlG8SNmM6wxic61HmsMhuhJfSQ+guoBWA==

"@aegenet/belt-interpolation@^999":
  version "999.1645631280859.0"
  resolved "https://npm.pkg.github.com/download/@aegenet/belt-interpolation/999.1645631280859.0/3e31a0ab337eec8281bc4efedaef4fbd275ef100c226b2a816eba6a6438c63ca#1bc79f2ebb170ed19eb607793831f62b55625577"
  integrity sha512-MTK0CCnTe9ZbC0HrpbYIiDW4Gy6f15K/3Jvz6FylH9Ca1+nxamV4Xn4cnQI6YgFRgMZJMW2qBvata9hhFH7SUA==

"@aegenet/belt-oclone@^999":
  version "999.1645631219822.0"
  resolved "https://npm.pkg.github.com/download/@aegenet/belt-oclone/999.1645631219822.0/85c0ca890ee351bb61632836d7bbbb40ccf396cdc2fc7a8ec157ac0135464711#160796a53656c5376e171a3e74600994a6769399"
  integrity sha512-p5pF/u+s5fvNhRZ9Fn4w7wCuZJ4Dc4f8B75bfLOKITmmUSRdZ5FnDgihyQA8/ClcGmkRSP2xsDMPHuLViVFMZA==

"@aegenet/belt-odeep@^999":
  version "999.1645631183436.0"
  resolved "https://npm.pkg.github.com/download/@aegenet/belt-odeep/999.1645631183436.0/4b94589b318fa610326c70e8491009e124ed80708f8582ae202e65c334b50b10#9521c955c76de4d776eb6691fe9fe95da762b1cf"
  integrity sha512-gfS1oCf+b4fUnPfZceLrBIooGEGMVDtR2Upj5nTtE2nuFgdtclOps9uZZ2clRtvmn8Dev+CxpZ359QWRYHXPzg==

"@aegenet/belt-odiff@^999":
  version "999.1645631196228.0"
  resolved "https://npm.pkg.github.com/download/@aegenet/belt-odiff/999.1645631196228.0/aafcc8e2d06a9bf8d3f474ae399b3e2f56c95466a0836ff6cb9f491809a53f7c#80ea602e2cfa8fb89d533c7d57600295e41ad14a"
  integrity sha512-1fk7/ZGZW/ByGUfI1cqpb1S6+Xzba3CWhkAPtL/jq1v/3XueIG6mW3EJFHVOHuJGNFTEfR5Z5SPJE0gAJuKuPA==

"@aegenet/belt-ofields@^999":
  version "999.1645631207881.0"
  resolved "https://npm.pkg.github.com/download/@aegenet/belt-ofields/999.1645631207881.0/915b046b788d0c09d7e9af07c09177377ab5b680d62920595ddaeb42d359cc5d#f4857be73089d6d3fc51e7893906a88886fc69de"
  integrity sha512-WF+NxY568bFWBW8ceuwkbVoD78/RYErOo/seg7u2+l6kDVQt/sOnq+b3Je5hg775tO/ibJyWUr/OYg+7jJx+2Q==

"@aegenet/belt-promise@^999":
  version "999.1645631171080.0"
  resolved "https://npm.pkg.github.com/download/@aegenet/belt-promise/999.1645631171080.0/7c7304253e8f30fdc119860eeb07adfa7a816792f5794855b5c4a8e82957be72#d7e738ad7d05ed3d1bb19e821a8a9fbb82fb9292"
  integrity sha512-n37fpnHrmuS7JjPtn6wBf7tVmUBnPJCwOGI8FGtNzwi6XP8wu+IuBArW2aOUUynYKCBWAgsA8Oh6IzheonFrlg==
