# THIS IS AN AUTOGENERATED FILE. DO NOT EDIT THIS FILE DIRECTLY.
# yarn lockfile v1


"@aegenet/belt-array-duplicates@file:./../belt-array-duplicates":
  version "999.0.0"

"@aegenet/belt-array-stats@file:./../belt-array-stats":
  version "999.0.0"

"@aegenet/belt-array-to-obj@file:./../belt-array-to-obj":
  version "999.0.0"

"@aegenet/belt-crc32@file:./../belt-crc32":
  version "999.0.0"

"@aegenet/belt-crc8@file:./../belt-crc8":
  version "999.0.0"

"@aegenet/belt-hook@file:./../belt-hook":
  version "999.0.0"

"@aegenet/belt-interpolation@file:./../belt-interpolation":
  version "999.0.0"

"@aegenet/belt-obj-to-array@file:./../belt-obj-to-array":
  version "999.0.0"

"@aegenet/belt-oclone@file:./../belt-oclone":
  version "999.0.0"

"@aegenet/belt-odeep@file:./../belt-odeep":
  version "999.0.0"

"@aegenet/belt-odiff@file:./../belt-odiff":
  version "999.0.0"

"@aegenet/belt-ofields@file:./../belt-ofields":
  version "999.0.0"

"@aegenet/belt-promise@file:./../belt-promise":
  version "999.0.0"
